
Microsoft Visual Studio Solution File, Format Version 12.00
# Visual Studio Version 16
VisualStudioVersion = 16.0.30225.117
MinimumVisualStudioVersion = 10.0.40219.1
Project("{9A19103F-16F7-4668-BE54-9A1E7A4F7556}") = "Login", "LoggingProject\Login.csproj", "{DCEC91B0-0DF9-4398-A10E-DEE6DB98C8DA}"
EndProject
Project("{9A19103F-16F7-4668-BE54-9A1E7A4F7556}") = "LoggingFramework", "Framework\LoggingFramework.csproj", "{789B4B89-F2BA-48FF-B3F2-C59E529ED415}"
EndProject
Global
	GlobalSection(SolutionConfigurationPlatforms) = preSolution
		Debug|Any CPU = Debug|Any CPU
		Release|Any CPU = Release|Any CPU
	EndGlobalSection
	GlobalSection(ProjectConfigurationPlatforms) = postSolution
		{DCEC91B0-0DF9-4398-A10E-DEE6DB98C8DA}.Debug|Any CPU.ActiveCfg = Debug|Any CPU
		{DCEC91B0-0DF9-4398-A10E-DEE6DB98C8DA}.Debug|Any CPU.Build.0 = Debug|Any CPU
		{DCEC91B0-0DF9-4398-A10E-DEE6DB98C8DA}.Release|Any CPU.ActiveCfg = Release|Any CPU
		{DCEC91B0-0DF9-4398-A10E-DEE6DB98C8DA}.Release|Any CPU.Build.0 = Release|Any CPU
		{789B4B89-F2BA-48FF-B3F2-C59E529ED415}.Debug|Any CPU.ActiveCfg = Debug|Any CPU
		{789B4B89-F2BA-48FF-B3F2-C59E529ED415}.Debug|Any CPU.Build.0 = Debug|Any CPU
		{789B4B89-F2BA-48FF-B3F2-C59E529ED415}.Release|Any CPU.ActiveCfg = Release|Any CPU
		{789B4B89-F2BA-48FF-B3F2-C59E529ED415}.Release|Any CPU.Build.0 = Release|Any CPU
	EndGlobalSection
	GlobalSection(SolutionProperties) = preSolution
		HideSolutionNode = FALSE
	EndGlobalSection
	GlobalSection(ExtensibilityGlobals) = postSolution
		SolutionGuid = {E08CCC09-3E54-4B5E-9049-88D426ED82E8}
	EndGlobalSection
EndGlobal
